uuid: faf7e403-53a1-4425-9aef-4cbe18391fb3
langcode: en
status: true
dependencies:
  config:
    - views.view.our_partners
  module:
    - ctools
    - views
  theme:
    - keplerst
id: views_block__our_partners_frontpage_block
theme: keplerst
region: postscript_fourth
weight: -23
provider: null
plugin: 'views_block:our_partners-frontpage_block'
settings:
  id: 'views_block:our_partners-frontpage_block'
  label: ''
  provider: views
  label_display: '0'
  views_label: ''
  items_per_page: none
visibility:
  'entity_bundle:node':
    id: 'entity_bundle:node'
    bundles:
      front: front
    negate: false
    context_mapping:
      node: '@node.node_route_context:node'
