uuid: 1060041b-1f21-4940-8225-0f25d28726ed
langcode: en
status: true
dependencies:
  content:
    - 'block_content:basic:c7938a9d-aa0a-4b59-95b6-b60dd53920d9'
  module:
    - block_content
  theme:
    - keplerst
id: tmdfooteraddressblock
theme: keplerst
region: footer
weight: -19
provider: null
plugin: 'block_content:c7938a9d-aa0a-4b59-95b6-b60dd53920d9'
settings:
  id: 'block_content:c7938a9d-aa0a-4b59-95b6-b60dd53920d9'
  label: 'tmd - footer kepler address'
  provider: block_content
  label_display: '0'
  status: true
  info: ''
  view_mode: full
visibility: {  }
