uuid: 906cd533-9e72-4ca2-881f-ea216ef5a935
langcode: en
status: true
dependencies:
  config:
    - core.entity_view_mode.taxonomy_term.partnersblock
    - field.field.taxonomy_term.partner.field_partner_about
    - field.field.taxonomy_term.partner.field_partner_level
    - field.field.taxonomy_term.partner.field_partner_logo
    - field.field.taxonomy_term.partner.field_partner_url
    - responsive_image.styles.footerimages
    - taxonomy.vocabulary.partner
  module:
    - ds
    - responsive_image
third_party_settings:
  ds:
    layout:
      id: ds_1col
      library: null
      disable_css: false
      entity_classes: all_classes
      settings:
        wrappers:
          ds_content: div
        outer_wrapper: div
        attributes: ''
        link_attribute: ''
        link_custom: ''
        classes:
          layout_class: {  }
    regions:
      ds_content:
        - field_partner_logo
id: taxonomy_term.partner.partnersblock
targetEntityType: taxonomy_term
bundle: partner
mode: partnersblock
content:
  field_partner_logo:
    weight: 0
    label: hidden
    settings:
      responsive_image_style: footerimages
      image_link: content
    third_party_settings: {  }
    type: responsive_image
    region: ds_content
hidden:
  description: true
  field_partner_about: true
  field_partner_level: true
  field_partner_url: true
