uuid: 1347badd-176b-4539-91be-5d8544d372d2
langcode: en
status: true
dependencies:
  config:
    - core.entity_view_mode.user.welcomeblock
    - field.field.user.user.commerce_remote_id
    - field.field.user.user.user_picture
    - image.style.thumbnail
  module:
    - image
    - user
_core:
  default_config_hash: V51QPCKkgNREKtSmB9Iu2wmAMEpktVpnzklWaZV8UYo
id: user.user.welcomeblock
targetEntityType: user
bundle: user
mode: welcomeblock
content:
  user_picture:
    type: image
    weight: 0
    region: content
    label: hidden
    settings:
      image_style: thumbnail
      image_link: content
    third_party_settings: {  }
hidden:
  commerce_remote_id: true
  member_for: true
  profile_customer: true
