uuid: 67f2e4b2-c718-45c2-be1c-c11a8938d8e8
langcode: en
status: true
dependencies:
  config:
    - core.entity_view_mode.node.partnersblock
    - field.field.node.partners.field_partner_about
    - field.field.node.partners.field_partner_description
    - field.field.node.partners.field_partner_logo
    - field.field.node.partners.field_partner_url
    - field.field.node.partners.field_sponsorship_level
    - node.type.partners
  module:
    - link
    - user
id: node.partners.partnersblock
targetEntityType: node
bundle: partners
mode: partnersblock
content:
  field_partner_about:
    weight: 107
    label: hidden
    settings:
      link_to_entity: false
    third_party_settings: {  }
    type: string
    region: content
  field_partner_description:
    weight: 106
    label: hidden
    settings: {  }
    third_party_settings: {  }
    type: basic_string
    region: content
  field_partner_url:
    weight: 103
    label: hidden
    settings:
      trim_length: 80
      url_only: false
      url_plain: false
      rel: ''
      target: ''
    third_party_settings: {  }
    type: link
    region: content
  field_sponsorship_level:
    weight: 104
    label: hidden
    settings:
      link: true
    third_party_settings: {  }
    type: entity_reference_label
    region: content
  links:
    weight: 100
    region: content
    settings: {  }
    third_party_settings: {  }
hidden:
  field_partner_logo: true
